
Microsoft Visual Studio Solution File, Format Version 12.00
# Visual Studio 14
VisualStudioVersion = 14.0.24720.0
MinimumVisualStudioVersion = 10.0.40219.1
Project("{FAE04EC0-301F-11D3-BF4B-00C04F79EFBC}") = "Example1", "Example1\Example1.csproj", "{107A6C0C-D693-45EA-9DB0-F84C64E9B4D2}"
EndProject
Project("{FAE04EC0-301F-11D3-BF4B-00C04F79EFBC}") = "Example2", "Example2\Example2.csproj", "{A3393FA3-AC01-409A-A93A-85A0E515E0FB}"
EndProject
Project("{FAE04EC0-301F-11D3-BF4B-00C04F79EFBC}") = "Example3", "Example3\Example3.csproj", "{AF4292BF-A19B-4CFB-A3E4-AAE46185BEA0}"
EndProject
Global
	GlobalSection(SolutionConfigurationPlatforms) = preSolution
		Debug|Any CPU = Debug|Any CPU
		Debug|ARM = Debug|ARM
		Debug|x64 = Debug|x64
		Debug|x86 = Debug|x86
		Release|Any CPU = Release|Any CPU
		Release|ARM = Release|ARM
		Release|x64 = Release|x64
		Release|x86 = Release|x86
	EndGlobalSection
	GlobalSection(ProjectConfigurationPlatforms) = postSolution
		{107A6C0C-D693-45EA-9DB0-F84C64E9B4D2}.Debug|Any CPU.ActiveCfg = Debug|Any CPU
		{107A6C0C-D693-45EA-9DB0-F84C64E9B4D2}.Debug|Any CPU.Build.0 = Debug|Any CPU
		{107A6C0C-D693-45EA-9DB0-F84C64E9B4D2}.Debug|ARM.ActiveCfg = Debug|Any CPU
		{107A6C0C-D693-45EA-9DB0-F84C64E9B4D2}.Debug|ARM.Build.0 = Debug|Any CPU
		{107A6C0C-D693-45EA-9DB0-F84C64E9B4D2}.Debug|x64.ActiveCfg = Debug|Any CPU
		{107A6C0C-D693-45EA-9DB0-F84C64E9B4D2}.Debug|x64.Build.0 = Debug|Any CPU
		{107A6C0C-D693-45EA-9DB0-F84C64E9B4D2}.Debug|x86.ActiveCfg = Debug|Any CPU
		{107A6C0C-D693-45EA-9DB0-F84C64E9B4D2}.Debug|x86.Build.0 = Debug|Any CPU
		{107A6C0C-D693-45EA-9DB0-F84C64E9B4D2}.Release|Any CPU.ActiveCfg = Release|Any CPU
		{107A6C0C-D693-45EA-9DB0-F84C64E9B4D2}.Release|Any CPU.Build.0 = Release|Any CPU
		{107A6C0C-D693-45EA-9DB0-F84C64E9B4D2}.Release|ARM.ActiveCfg = Release|Any CPU
		{107A6C0C-D693-45EA-9DB0-F84C64E9B4D2}.Release|ARM.Build.0 = Release|Any CPU
		{107A6C0C-D693-45EA-9DB0-F84C64E9B4D2}.Release|x64.ActiveCfg = Release|Any CPU
		{107A6C0C-D693-45EA-9DB0-F84C64E9B4D2}.Release|x64.Build.0 = Release|Any CPU
		{107A6C0C-D693-45EA-9DB0-F84C64E9B4D2}.Release|x86.ActiveCfg = Release|Any CPU
		{107A6C0C-D693-45EA-9DB0-F84C64E9B4D2}.Release|x86.Build.0 = Release|Any CPU
		{A3393FA3-AC01-409A-A93A-85A0E515E0FB}.Debug|Any CPU.ActiveCfg = Debug|Any CPU
		{A3393FA3-AC01-409A-A93A-85A0E515E0FB}.Debug|Any CPU.Build.0 = Debug|Any CPU
		{A3393FA3-AC01-409A-A93A-85A0E515E0FB}.Debug|ARM.ActiveCfg = Debug|Any CPU
		{A3393FA3-AC01-409A-A93A-85A0E515E0FB}.Debug|ARM.Build.0 = Debug|Any CPU
		{A3393FA3-AC01-409A-A93A-85A0E515E0FB}.Debug|x64.ActiveCfg = Debug|Any CPU
		{A3393FA3-AC01-409A-A93A-85A0E515E0FB}.Debug|x64.Build.0 = Debug|Any CPU
		{A3393FA3-AC01-409A-A93A-85A0E515E0FB}.Debug|x86.ActiveCfg = Debug|Any CPU
		{A3393FA3-AC01-409A-A93A-85A0E515E0FB}.Debug|x86.Build.0 = Debug|Any CPU
		{A3393FA3-AC01-409A-A93A-85A0E515E0FB}.Release|Any CPU.ActiveCfg = Release|Any CPU
		{A3393FA3-AC01-409A-A93A-85A0E515E0FB}.Release|Any CPU.Build.0 = Release|Any CPU
		{A3393FA3-AC01-409A-A93A-85A0E515E0FB}.Release|ARM.ActiveCfg = Release|Any CPU
		{A3393FA3-AC01-409A-A93A-85A0E515E0FB}.Release|ARM.Build.0 = Release|Any CPU
		{A3393FA3-AC01-409A-A93A-85A0E515E0FB}.Release|x64.ActiveCfg = Release|Any CPU
		{A3393FA3-AC01-409A-A93A-85A0E515E0FB}.Release|x64.Build.0 = Release|Any CPU
		{A3393FA3-AC01-409A-A93A-85A0E515E0FB}.Release|x86.ActiveCfg = Release|Any CPU
		{A3393FA3-AC01-409A-A93A-85A0E515E0FB}.Release|x86.Build.0 = Release|Any CPU
		{AF4292BF-A19B-4CFB-A3E4-AAE46185BEA0}.Debug|Any CPU.ActiveCfg = Debug|Any CPU
		{AF4292BF-A19B-4CFB-A3E4-AAE46185BEA0}.Debug|Any CPU.Build.0 = Debug|Any CPU
		{AF4292BF-A19B-4CFB-A3E4-AAE46185BEA0}.Debug|ARM.ActiveCfg = Debug|Any CPU
		{AF4292BF-A19B-4CFB-A3E4-AAE46185BEA0}.Debug|ARM.Build.0 = Debug|Any CPU
		{AF4292BF-A19B-4CFB-A3E4-AAE46185BEA0}.Debug|x64.ActiveCfg = Debug|Any CPU
		{AF4292BF-A19B-4CFB-A3E4-AAE46185BEA0}.Debug|x64.Build.0 = Debug|Any CPU
		{AF4292BF-A19B-4CFB-A3E4-AAE46185BEA0}.Debug|x86.ActiveCfg = Debug|Any CPU
		{AF4292BF-A19B-4CFB-A3E4-AAE46185BEA0}.Debug|x86.Build.0 = Debug|Any CPU
		{AF4292BF-A19B-4CFB-A3E4-AAE46185BEA0}.Release|Any CPU.ActiveCfg = Release|Any CPU
		{AF4292BF-A19B-4CFB-A3E4-AAE46185BEA0}.Release|Any CPU.Build.0 = Release|Any CPU
		{AF4292BF-A19B-4CFB-A3E4-AAE46185BEA0}.Release|ARM.ActiveCfg = Release|Any CPU
		{AF4292BF-A19B-4CFB-A3E4-AAE46185BEA0}.Release|ARM.Build.0 = Release|Any CPU
		{AF4292BF-A19B-4CFB-A3E4-AAE46185BEA0}.Release|x64.ActiveCfg = Release|Any CPU
		{AF4292BF-A19B-4CFB-A3E4-AAE46185BEA0}.Release|x64.Build.0 = Release|Any CPU
		{AF4292BF-A19B-4CFB-A3E4-AAE46185BEA0}.Release|x86.ActiveCfg = Release|Any CPU
		{AF4292BF-A19B-4CFB-A3E4-AAE46185BEA0}.Release|x86.Build.0 = Release|Any CPU
	EndGlobalSection
	GlobalSection(SolutionProperties) = preSolution
		HideSolutionNode = FALSE
	EndGlobalSection
EndGlobal
